
Microsoft Visual Studio Solution File, Format Version 12.00
# Visual Studio Version 17
VisualStudioVersion = 17.9.34728.123
MinimumVisualStudioVersion = 10.0.40219.1
Project("{FAE04EC0-301F-11D3-BF4B-00C04F79EFBC}") = "Customer", "Customer\Customer.csproj", "{45283ACF-5FE8-4EC7-B73E-BAA1EECDA4C6}"
EndProject
Global
	GlobalSection(SolutionConfigurationPlatforms) = preSolution
		Debug|Any CPU = Debug|Any CPU
		Release|Any CPU = Release|Any CPU
	EndGlobalSection
	GlobalSection(ProjectConfigurationPlatforms) = postSolution
		{45283ACF-5FE8-4EC7-B73E-BAA1EECDA4C6}.Debug|Any CPU.ActiveCfg = Debug|Any CPU
		{45283ACF-5FE8-4EC7-B73E-BAA1EECDA4C6}.Debug|Any CPU.Build.0 = Debug|Any CPU
		{45283ACF-5FE8-4EC7-B73E-BAA1EECDA4C6}.Release|Any CPU.ActiveCfg = Release|Any CPU
		{45283ACF-5FE8-4EC7-B73E-BAA1EECDA4C6}.Release|Any CPU.Build.0 = Release|Any CPU
	EndGlobalSection
	GlobalSection(SolutionProperties) = preSolution
		HideSolutionNode = FALSE
	EndGlobalSection
	GlobalSection(ExtensibilityGlobals) = postSolution
		SolutionGuid = {157E68AC-0B7F-4C62-ABFF-1D59B21944DE}
	EndGlobalSection
EndGlobal
